<?xml version="1.0" encoding="utf-8"?>
<Project ToolsVersion="4.0" xmlns="http://schemas.microsoft.com/developer/msbuild/2003">
  <ItemGroup>
    <Filter Include="Source Files">
      <UniqueIdentifier>{4FC737F1-C7A5-4376-A066-2A32D752A2FF}</UniqueIdentifier>
      <Extensions>cpp;c;cc;cxx;def;odl;idl;hpj;bat;asm;asmx</Extensions>
    </Filter>
    <Filter Include="Header Files">
      <UniqueIdentifier>{93995380-89BD-4b04-88EB-625FBE52EBFB}</UniqueIdentifier>
      <Extensions>h;hh;hpp;hxx;hm;inl;inc;ipp;xsd</Extensions>
    </Filter>
    <Filter Include="Resource Files">
      <UniqueIdentifier>{67DA6AB6-F800-4c08-8B7A-83BB121AAD01}</UniqueIdentifier>
      <Extensions>rc;ico;cur;bmp;dlg;rc2;rct;bin;rgs;gif;jpg;jpeg;jpe;resx;tiff;tif;png;wav;mfcribbon-ms</Extensions>
    </Filter>
  </ItemGroup>
  <ItemGroup>
    <ClCompile Include="src\Game.cpp">
      <Filter>Source Files</Filter>
    </ClCompile>
    <ClCompile Include="src\main.cpp">
      <Filter>Source Files</Filter>
    </ClCompile>
    <ClCompile Include="src\utility\AssetManager.cpp">
      <Filter>Source Files</Filter>
    </ClCompile>
    <ClCompile Include="src\utility\InputManager.cpp">
      <Filter>Source Files</Filter>
    </ClCompile>
    <ClCompile Include="src\ui\Button.cpp">
      <Filter>Source Files</Filter>
    </ClCompile>
    <ClCompile Include="src\utility\StateMachine.cpp">
      <Filter>Source Files</Filter>
    </ClCompile>
    <ClCompile Include="src\utility\states\SplashState.cpp">
      <Filter>Source Files</Filter>
    </ClCompile>
    <ClCompile Include="src\utility\states\PlayState.cpp">
      <Filter>Source Files</Filter>
    </ClCompile>
    <ClCompile Include="src\utility\states\MainMenuState.cpp">
      <Filter>Source Files</Filter>
    </ClCompile>
    <ClCompile Include="src\ui\Menu.cpp">
      <Filter>Source Files</Filter>
    </ClCompile>
    <ClCompile Include="src\Debug.cpp">
      <Filter>Source Files</Filter>
    </ClCompile>
    <ClCompile Include="src\math\Vector2.cpp">
      <Filter>Source Files</Filter>
    </ClCompile>
    <ClCompile Include="src\utility\states\PauseState.cpp">
      <Filter>Source Files</Filter>
    </ClCompile>
    <ClCompile Include="src\rendering\Camera.cpp">
      <Filter>Source Files</Filter>
    </ClCompile>
    <ClCompile Include="src\rendering\Display.cpp">
      <Filter>Source Files</Filter>
    </ClCompile>
    <ClCompile Include="src\math\physics\Physics.cpp">
      <Filter>Source Files</Filter>
    </ClCompile>
    <ClCompile Include="src\math\physics\AABB.cpp">
      <Filter>Source Files</Filter>
    </ClCompile>
    <ClCompile Include="src\world\Scene.cpp">
      <Filter>Source Files</Filter>
    </ClCompile>
    <ClCompile Include="src\world\WorldObject.cpp">
      <Filter>Source Files</Filter>
    </ClCompile>
    <ClCompile Include="src\world\objects\PlayerObject.cpp">
      <Filter>Source Files</Filter>
    </ClCompile>
  </ItemGroup>
  <ItemGroup>
    <ClInclude Include="src\DEFINITIONS.h">
      <Filter>Header Files</Filter>
    </ClInclude>
    <ClInclude Include="src\Game.h">
      <Filter>Header Files</Filter>
    </ClInclude>
    <ClInclude Include="src\KEYS.h">
      <Filter>Header Files</Filter>
    </ClInclude>
    <ClInclude Include="src\utility\AssetManager.h">
      <Filter>Header Files</Filter>
    </ClInclude>
    <ClInclude Include="src\utility\InputManager.h">
      <Filter>Header Files</Filter>
    </ClInclude>
    <ClInclude Include="src\utility\StateMachine.h">
      <Filter>Header Files</Filter>
    </ClInclude>
    <ClInclude Include="src\ui\Button.h">
      <Filter>Header Files</Filter>
    </ClInclude>
    <ClInclude Include="src\utility\State.h">
      <Filter>Header Files</Filter>
    </ClInclude>
    <ClInclude Include="src\utility\states\SplashState.h">
      <Filter>Header Files</Filter>
    </ClInclude>
    <ClInclude Include="src\utility\states\PlayState.h">
      <Filter>Header Files</Filter>
    </ClInclude>
    <ClInclude Include="src\utility\states\MainMenuState.h">
      <Filter>Header Files</Filter>
    </ClInclude>
    <ClInclude Include="src\ui\Menu.h">
      <Filter>Header Files</Filter>
    </ClInclude>
    <ClInclude Include="src\rendering\Renderable.h">
      <Filter>Header Files</Filter>
    </ClInclude>
    <ClInclude Include="src\object\components\Sprite.h">
      <Filter>Header Files</Filter>
    </ClInclude>
    <ClInclude Include="src\Debug.h">
      <Filter>Header Files</Filter>
    </ClInclude>
    <ClInclude Include="src\math\Vector2.h">
      <Filter>Header Files</Filter>
    </ClInclude>
    <ClInclude Include="src\utility\states\PauseState.h">
      <Filter>Header Files</Filter>
    </ClInclude>
    <ClInclude Include="src\rendering\Camera.h">
      <Filter>Header Files</Filter>
    </ClInclude>
    <ClInclude Include="src\rendering\Display.h">
      <Filter>Header Files</Filter>
    </ClInclude>
    <ClInclude Include="src\object\components\Component.h">
      <Filter>Header Files</Filter>
    </ClInclude>
    <ClInclude Include="src\math\physics\Physics.h">
      <Filter>Header Files</Filter>
    </ClInclude>
    <ClInclude Include="src\math\physics\AABB.h">
      <Filter>Header Files</Filter>
    </ClInclude>
    <ClInclude Include="src\world\Scene.h">
      <Filter>Header Files</Filter>
    </ClInclude>
    <ClInclude Include="src\world\WorldObject.h">
      <Filter>Header Files</Filter>
    </ClInclude>
    <ClInclude Include="src\world\objects\PlayerObject.h">
      <Filter>Header Files</Filter>
    </ClInclude>
  </ItemGroup>
  <ItemGroup>
    <Image Include="Resources\splash_screen_background.jpg">
      <Filter>Resource Files</Filter>
    </Image>
    <Image Include="Resources\splash_screen_background.png">
      <Filter>Resource Files</Filter>
    </Image>
    <Image Include="Resources\main_menu_background.png">
      <Filter>Resource Files</Filter>
    </Image>
    <Image Include="Resources\playerChar.png">
      <Filter>Resource Files</Filter>
    </Image>
    <Image Include="Resources\wallCell.png">
      <Filter>Resource Files</Filter>
    </Image>
    <Image Include="Resources\mainCell.png">
      <Filter>Resource Files</Filter>
    </Image>
  </ItemGroup>
  <ItemGroup>
    <None Include="openal32.dll" />
    <None Include="sfml-audio-2.dll" />
    <None Include="sfml-audio-d-2.dll" />
    <None Include="sfml-graphics-2.dll" />
    <None Include="sfml-graphics-d-2.dll" />
    <None Include="sfml-network-2.dll" />
    <None Include="sfml-network-d-2.dll" />
    <None Include="sfml-system-2.dll" />
    <None Include="sfml-system-d-2.dll" />
    <None Include="sfml-window-2.dll" />
    <None Include="sfml-window-d-2.dll" />
  </ItemGroup>
  <ItemGroup>
    <Font Include="Resources\Charnego.ttf" />
    <Font Include="Resources\Arial.ttf" />
  </ItemGroup>
</Project>